
Microsoft Visual Studio Solution File, Format Version 12.00
# Visual Studio 15
VisualStudioVersion = 15.0.28307.271
MinimumVisualStudioVersion = 10.0.40219.1
Project("{FAE04EC0-301F-11D3-BF4B-00C04F79EFBC}") = "Lesson1", "Lesson1\Lesson1.csproj", "{7ED4073F-AE7B-4D58-8761-9EB3DBF7E32A}"
EndProject
Global
	GlobalSection(SolutionConfigurationPlatforms) = preSolution
		Debug|Any CPU = Debug|Any CPU
		Release|Any CPU = Release|Any CPU
	EndGlobalSection
	GlobalSection(ProjectConfigurationPlatforms) = postSolution
		{7ED4073F-AE7B-4D58-8761-9EB3DBF7E32A}.Debug|Any CPU.ActiveCfg = Debug|Any CPU
		{7ED4073F-AE7B-4D58-8761-9EB3DBF7E32A}.Debug|Any CPU.Build.0 = Debug|Any CPU
		{7ED4073F-AE7B-4D58-8761-9EB3DBF7E32A}.Release|Any CPU.ActiveCfg = Release|Any CPU
		{7ED4073F-AE7B-4D58-8761-9EB3DBF7E32A}.Release|Any CPU.Build.0 = Release|Any CPU
	EndGlobalSection
	GlobalSection(SolutionProperties) = preSolution
		HideSolutionNode = FALSE
	EndGlobalSection
	GlobalSection(ExtensibilityGlobals) = postSolution
		SolutionGuid = {45EF85F2-E423-4D9F-B630-9DCC778F4A0D}
	EndGlobalSection
EndGlobal
