
Microsoft Visual Studio Solution File, Format Version 12.00
# Visual Studio 15
VisualStudioVersion = 15.0.28307.421
MinimumVisualStudioVersion = 10.0.40219.1
Project("{FAE04EC0-301F-11D3-BF4B-00C04F79EFBC}") = "Lesson7", "Lesson7\Lesson7.csproj", "{2BDD3215-AD76-4D6C-811A-AF88E3EA00CC}"
EndProject
Global
	GlobalSection(SolutionConfigurationPlatforms) = preSolution
		Debug|Any CPU = Debug|Any CPU
		Release|Any CPU = Release|Any CPU
	EndGlobalSection
	GlobalSection(ProjectConfigurationPlatforms) = postSolution
		{2BDD3215-AD76-4D6C-811A-AF88E3EA00CC}.Debug|Any CPU.ActiveCfg = Debug|Any CPU
		{2BDD3215-AD76-4D6C-811A-AF88E3EA00CC}.Debug|Any CPU.Build.0 = Debug|Any CPU
		{2BDD3215-AD76-4D6C-811A-AF88E3EA00CC}.Release|Any CPU.ActiveCfg = Release|Any CPU
		{2BDD3215-AD76-4D6C-811A-AF88E3EA00CC}.Release|Any CPU.Build.0 = Release|Any CPU
	EndGlobalSection
	GlobalSection(SolutionProperties) = preSolution
		HideSolutionNode = FALSE
	EndGlobalSection
	GlobalSection(ExtensibilityGlobals) = postSolution
		SolutionGuid = {66F14E52-2CF0-44D2-849B-E823554D5058}
	EndGlobalSection
EndGlobal
